
Microsoft Visual Studio Solution File, Format Version 12.00
# Visual Studio 15
VisualStudioVersion = 15.0.27130.0
MinimumVisualStudioVersion = 10.0.40219.1
Project("{F184B08F-C81C-45F6-A57F-5ABD9991F28F}") = "GOVCERT Outlook Addins", "GOVCERT Outlook Addins\GOVCERT Outlook Addins.vbproj", "{2F006B14-34F3-4C4E-8D4D-4061B558553D}"
EndProject
Global
	GlobalSection(SolutionConfigurationPlatforms) = preSolution
		Debug|Any CPU = Debug|Any CPU
		Release|Any CPU = Release|Any CPU
	EndGlobalSection
	GlobalSection(ProjectConfigurationPlatforms) = postSolution
		{2F006B14-34F3-4C4E-8D4D-4061B558553D}.Debug|Any CPU.ActiveCfg = Debug|Any CPU
		{2F006B14-34F3-4C4E-8D4D-4061B558553D}.Debug|Any CPU.Build.0 = Debug|Any CPU
		{2F006B14-34F3-4C4E-8D4D-4061B558553D}.Release|Any CPU.ActiveCfg = Release|Any CPU
		{2F006B14-34F3-4C4E-8D4D-4061B558553D}.Release|Any CPU.Build.0 = Release|Any CPU
	EndGlobalSection
	GlobalSection(SolutionProperties) = preSolution
		HideSolutionNode = FALSE
	EndGlobalSection
	GlobalSection(ExtensibilityGlobals) = postSolution
		SolutionGuid = {99934AFF-BF0F-4C12-8DD2-57C700D0E1C8}
	EndGlobalSection
EndGlobal
